
Microsoft Visual Studio Solution File, Format Version 11.00
# Visual Studio 2010
Project("{FAE04EC0-301F-11D3-BF4B-00C04F79EFBC}") = "PureMVC.MultiCore.DotNet", "PureMVC.MultiCore.DotNet\PureMVC.MultiCore.DotNet.csproj", "{07011FFE-FE85-4093-83ED-2EF741D1C697}"
EndProject
Project("{FAE04EC0-301F-11D3-BF4B-00C04F79EFBC}") = "PureMVC.MultiCore.DotNet.Test", "PureMVC.MultiCore.DotNet.Test\PureMVC.MultiCore.DotNet.Test.csproj", "{70024C2F-729B-4A85-B94D-7D26B51424E9}"
EndProject
Global
	GlobalSection(SolutionConfigurationPlatforms) = preSolution
		Debug|Any CPU = Debug|Any CPU
		Release|Any CPU = Release|Any CPU
	EndGlobalSection
	GlobalSection(ProjectConfigurationPlatforms) = postSolution
		{07011FFE-FE85-4093-83ED-2EF741D1C697}.Debug|Any CPU.ActiveCfg = Debug|Any CPU
		{07011FFE-FE85-4093-83ED-2EF741D1C697}.Debug|Any CPU.Build.0 = Debug|Any CPU
		{07011FFE-FE85-4093-83ED-2EF741D1C697}.Release|Any CPU.ActiveCfg = Release|Any CPU
		{07011FFE-FE85-4093-83ED-2EF741D1C697}.Release|Any CPU.Build.0 = Release|Any CPU
		{70024C2F-729B-4A85-B94D-7D26B51424E9}.Debug|Any CPU.ActiveCfg = Debug|Any CPU
		{70024C2F-729B-4A85-B94D-7D26B51424E9}.Debug|Any CPU.Build.0 = Debug|Any CPU
		{70024C2F-729B-4A85-B94D-7D26B51424E9}.Release|Any CPU.ActiveCfg = Release|Any CPU
		{70024C2F-729B-4A85-B94D-7D26B51424E9}.Release|Any CPU.Build.0 = Release|Any CPU
	EndGlobalSection
	GlobalSection(SolutionProperties) = preSolution
		HideSolutionNode = FALSE
	EndGlobalSection
EndGlobal
